
Microsoft Visual Studio Solution File, Format Version 12.00
# Visual Studio Version 16
VisualStudioVersion = 16.0.32407.337
MinimumVisualStudioVersion = 10.0.40219.1
Project("{FAE04EC0-301F-11D3-BF4B-00C04F79EFBC}") = "SortApi", "SortApi\SortApi.csproj", "{326C203E-AF75-4A1B-A18B-B8966B016139}"
EndProject
Project("{FAE04EC0-301F-11D3-BF4B-00C04F79EFBC}") = "SortApi.UnitTests", "SortApi.UnitTests\SortApi.UnitTests.csproj", "{ED45F39A-452A-4E78-B9F9-7586ACD1715F}"
EndProject
Global
	GlobalSection(SolutionConfigurationPlatforms) = preSolution
		Debug|Any CPU = Debug|Any CPU
		Release|Any CPU = Release|Any CPU
	EndGlobalSection
	GlobalSection(ProjectConfigurationPlatforms) = postSolution
		{326C203E-AF75-4A1B-A18B-B8966B016139}.Debug|Any CPU.ActiveCfg = Debug|Any CPU
		{326C203E-AF75-4A1B-A18B-B8966B016139}.Debug|Any CPU.Build.0 = Debug|Any CPU
		{326C203E-AF75-4A1B-A18B-B8966B016139}.Release|Any CPU.ActiveCfg = Release|Any CPU
		{326C203E-AF75-4A1B-A18B-B8966B016139}.Release|Any CPU.Build.0 = Release|Any CPU
		{ED45F39A-452A-4E78-B9F9-7586ACD1715F}.Debug|Any CPU.ActiveCfg = Debug|Any CPU
		{ED45F39A-452A-4E78-B9F9-7586ACD1715F}.Debug|Any CPU.Build.0 = Debug|Any CPU
		{ED45F39A-452A-4E78-B9F9-7586ACD1715F}.Release|Any CPU.ActiveCfg = Release|Any CPU
		{ED45F39A-452A-4E78-B9F9-7586ACD1715F}.Release|Any CPU.Build.0 = Release|Any CPU
	EndGlobalSection
	GlobalSection(SolutionProperties) = preSolution
		HideSolutionNode = FALSE
	EndGlobalSection
	GlobalSection(ExtensibilityGlobals) = postSolution
		SolutionGuid = {E18FF4A7-A30E-46F4-99DF-1F5EE3CBA679}
	EndGlobalSection
EndGlobal
